
Microsoft Visual Studio Solution File, Format Version 12.00
# Visual Studio 15
VisualStudioVersion = 15.0.28307.421
MinimumVisualStudioVersion = 10.0.40219.1
Project("{FAE04EC0-301F-11D3-BF4B-00C04F79EFBC}") = "PresentationLayer", "QuanLiNhanSu\PresentationLayer.csproj", "{7DEF948C-1900-49AC-A3A1-FBDD8A6AA269}"
EndProject
Project("{FAE04EC0-301F-11D3-BF4B-00C04F79EFBC}") = "DataAccessLayer", "DataLayer\DataAccessLayer.csproj", "{D46207DD-F08E-4EFE-A916-525DDFF12E71}"
EndProject
Project("{FAE04EC0-301F-11D3-BF4B-00C04F79EFBC}") = "DataTransferObject", "DataTransferObject\DataTransferObject.csproj", "{33A5DB74-B814-4422-85E0-3FE7DF6B144B}"
EndProject
Project("{FAE04EC0-301F-11D3-BF4B-00C04F79EFBC}") = "BLL2", "BLL2\BLL2.csproj", "{3C23FB6F-A481-429F-A78A-A8F0E26663E2}"
EndProject
Global
	GlobalSection(SolutionConfigurationPlatforms) = preSolution
		Debug|Any CPU = Debug|Any CPU
		Release|Any CPU = Release|Any CPU
	EndGlobalSection
	GlobalSection(ProjectConfigurationPlatforms) = postSolution
		{7DEF948C-1900-49AC-A3A1-FBDD8A6AA269}.Debug|Any CPU.ActiveCfg = Debug|Any CPU
		{7DEF948C-1900-49AC-A3A1-FBDD8A6AA269}.Debug|Any CPU.Build.0 = Debug|Any CPU
		{7DEF948C-1900-49AC-A3A1-FBDD8A6AA269}.Release|Any CPU.ActiveCfg = Release|Any CPU
		{7DEF948C-1900-49AC-A3A1-FBDD8A6AA269}.Release|Any CPU.Build.0 = Release|Any CPU
		{D46207DD-F08E-4EFE-A916-525DDFF12E71}.Debug|Any CPU.ActiveCfg = Debug|Any CPU
		{D46207DD-F08E-4EFE-A916-525DDFF12E71}.Debug|Any CPU.Build.0 = Debug|Any CPU
		{D46207DD-F08E-4EFE-A916-525DDFF12E71}.Release|Any CPU.ActiveCfg = Release|Any CPU
		{D46207DD-F08E-4EFE-A916-525DDFF12E71}.Release|Any CPU.Build.0 = Release|Any CPU
		{33A5DB74-B814-4422-85E0-3FE7DF6B144B}.Debug|Any CPU.ActiveCfg = Debug|Any CPU
		{33A5DB74-B814-4422-85E0-3FE7DF6B144B}.Debug|Any CPU.Build.0 = Debug|Any CPU
		{33A5DB74-B814-4422-85E0-3FE7DF6B144B}.Release|Any CPU.ActiveCfg = Release|Any CPU
		{33A5DB74-B814-4422-85E0-3FE7DF6B144B}.Release|Any CPU.Build.0 = Release|Any CPU
		{3C23FB6F-A481-429F-A78A-A8F0E26663E2}.Debug|Any CPU.ActiveCfg = Debug|Any CPU
		{3C23FB6F-A481-429F-A78A-A8F0E26663E2}.Debug|Any CPU.Build.0 = Debug|Any CPU
		{3C23FB6F-A481-429F-A78A-A8F0E26663E2}.Release|Any CPU.ActiveCfg = Release|Any CPU
		{3C23FB6F-A481-429F-A78A-A8F0E26663E2}.Release|Any CPU.Build.0 = Release|Any CPU
	EndGlobalSection
	GlobalSection(SolutionProperties) = preSolution
		HideSolutionNode = FALSE
	EndGlobalSection
	GlobalSection(ExtensibilityGlobals) = postSolution
		SolutionGuid = {9D987474-D770-4EF2-9BE0-E310ECF73753}
	EndGlobalSection
EndGlobal
